
Microsoft Visual Studio Solution File, Format Version 12.00
# Visual Studio Version 17
VisualStudioVersion = 17.3.32929.385
MinimumVisualStudioVersion = 10.0.40219.1
Project("{FAE04EC0-301F-11D3-BF4B-00C04F79EFBC}") = "App.Android", "App\App.Android\App.Android.csproj", "{A1D37448-F0F8-4ECE-B83C-72048F07021E}"
EndProject
Project("{FAE04EC0-301F-11D3-BF4B-00C04F79EFBC}") = "App", "App\App\App.csproj", "{F4500403-CBB2-48FF-9D78-322732B7B2B8}"
EndProject
Global
	GlobalSection(SolutionConfigurationPlatforms) = preSolution
		Debug|Any CPU = Debug|Any CPU
		Release|Any CPU = Release|Any CPU
	EndGlobalSection
	GlobalSection(ProjectConfigurationPlatforms) = postSolution
		{A1D37448-F0F8-4ECE-B83C-72048F07021E}.Debug|Any CPU.ActiveCfg = Debug|Any CPU
		{A1D37448-F0F8-4ECE-B83C-72048F07021E}.Debug|Any CPU.Build.0 = Debug|Any CPU
		{A1D37448-F0F8-4ECE-B83C-72048F07021E}.Debug|Any CPU.Deploy.0 = Debug|Any CPU
		{A1D37448-F0F8-4ECE-B83C-72048F07021E}.Release|Any CPU.ActiveCfg = Release|Any CPU
		{A1D37448-F0F8-4ECE-B83C-72048F07021E}.Release|Any CPU.Build.0 = Release|Any CPU
		{A1D37448-F0F8-4ECE-B83C-72048F07021E}.Release|Any CPU.Deploy.0 = Release|Any CPU
		{F4500403-CBB2-48FF-9D78-322732B7B2B8}.Debug|Any CPU.ActiveCfg = Debug|Any CPU
		{F4500403-CBB2-48FF-9D78-322732B7B2B8}.Debug|Any CPU.Build.0 = Debug|Any CPU
		{F4500403-CBB2-48FF-9D78-322732B7B2B8}.Debug|Any CPU.Deploy.0 = Debug|Any CPU
		{F4500403-CBB2-48FF-9D78-322732B7B2B8}.Release|Any CPU.ActiveCfg = Release|Any CPU
		{F4500403-CBB2-48FF-9D78-322732B7B2B8}.Release|Any CPU.Build.0 = Release|Any CPU
		{F4500403-CBB2-48FF-9D78-322732B7B2B8}.Release|Any CPU.Deploy.0 = Release|Any CPU
	EndGlobalSection
	GlobalSection(SolutionProperties) = preSolution
		HideSolutionNode = FALSE
	EndGlobalSection
	GlobalSection(ExtensibilityGlobals) = postSolution
		SolutionGuid = {68C5574F-7BAF-4AA5-B296-118B32F1CF88}
	EndGlobalSection
EndGlobal
